github.com/cli/browser v1.0.0/go.mod h1:IEWkHYbLjkhtjwwWlwTHW2lGxeS5gezEQBMLTwDHf5Q=
github.com/cli/oauth v0.9.0 h1:nxBC0Df4tUzMkqffAB+uZvisOwT3/N9FpkfdTDtafxc=
github.com/cli/oauth v0.9.0/go.mod h1:qd/FX8ZBD6n1sVNQO3aIdRxeu5LGw9WhKnYhIIoC2A4=
github.com/cli/safeexec v1.0.0/go.mod h1:Z/D4tTN8Vs5gXYHDCbaM1S/anmEDnJb1iW0+EJ5zx3Q=
